
Microsoft Visual Studio Solution File, Format Version 11.00
# Visual Studio 2010
Project("{FAE04EC0-301F-11D3-BF4B-00C04F79EFBC}") = "Dodge Game", "Assembly-CSharp.csproj", "{1D46A865-0F85-6869-E8EF-8F8955A8B33A}"
EndProject
Project("{FAE04EC0-301F-11D3-BF4B-00C04F79EFBC}") = "Dodge Game", "Assembly-CSharp-Editor.csproj", "{63E847B9-E931-5C3F-CCA9-0D310F9DA360}"
EndProject
Global
	GlobalSection(SolutionConfigurationPlatforms) = preSolution
		Debug|Any CPU = Debug|Any CPU
		Release|Any CPU = Release|Any CPU
	EndGlobalSection
	GlobalSection(ProjectConfigurationPlatforms) = postSolution
		{1D46A865-0F85-6869-E8EF-8F8955A8B33A}.Debug|Any CPU.ActiveCfg = Debug|Any CPU
		{1D46A865-0F85-6869-E8EF-8F8955A8B33A}.Debug|Any CPU.Build.0 = Debug|Any CPU
		{1D46A865-0F85-6869-E8EF-8F8955A8B33A}.Release|Any CPU.ActiveCfg = Release|Any CPU
		{1D46A865-0F85-6869-E8EF-8F8955A8B33A}.Release|Any CPU.Build.0 = Release|Any CPU
		{63E847B9-E931-5C3F-CCA9-0D310F9DA360}.Debug|Any CPU.ActiveCfg = Debug|Any CPU
		{63E847B9-E931-5C3F-CCA9-0D310F9DA360}.Debug|Any CPU.Build.0 = Debug|Any CPU
		{63E847B9-E931-5C3F-CCA9-0D310F9DA360}.Release|Any CPU.ActiveCfg = Release|Any CPU
		{63E847B9-E931-5C3F-CCA9-0D310F9DA360}.Release|Any CPU.Build.0 = Release|Any CPU
	EndGlobalSection
	GlobalSection(SolutionProperties) = preSolution
		HideSolutionNode = FALSE
	EndGlobalSection
	GlobalSection(MonoDevelopProperties) = preSolution
		StartupItem = Assembly-CSharp.csproj
	EndGlobalSection
EndGlobal
